
Microsoft Visual Studio Solution File, Format Version 12.00
# Visual Studio Version 17
VisualStudioVersion = 17.3.32825.248
MinimumVisualStudioVersion = 10.0.40219.1
Project("{FAE04EC0-301F-11D3-BF4B-00C04F79EFBC}") = "Crear menus", "Crear menus\Crear menus.csproj", "{60F5D7AD-48C2-424D-8825-0467F1ECD99C}"
EndProject
Global
	GlobalSection(SolutionConfigurationPlatforms) = preSolution
		Debug|Any CPU = Debug|Any CPU
		Release|Any CPU = Release|Any CPU
	EndGlobalSection
	GlobalSection(ProjectConfigurationPlatforms) = postSolution
		{60F5D7AD-48C2-424D-8825-0467F1ECD99C}.Debug|Any CPU.ActiveCfg = Debug|Any CPU
		{60F5D7AD-48C2-424D-8825-0467F1ECD99C}.Debug|Any CPU.Build.0 = Debug|Any CPU
		{60F5D7AD-48C2-424D-8825-0467F1ECD99C}.Release|Any CPU.ActiveCfg = Release|Any CPU
		{60F5D7AD-48C2-424D-8825-0467F1ECD99C}.Release|Any CPU.Build.0 = Release|Any CPU
	EndGlobalSection
	GlobalSection(SolutionProperties) = preSolution
		HideSolutionNode = FALSE
	EndGlobalSection
	GlobalSection(ExtensibilityGlobals) = postSolution
		SolutionGuid = {11235E6B-7AA6-4E4F-A1CD-12A6CBD99944}
	EndGlobalSection
EndGlobal
